
Microsoft Visual Studio Solution File, Format Version 12.00
# Visual Studio Version 17
VisualStudioVersion = 17.10.35122.118
MinimumVisualStudioVersion = 10.0.40219.1
Project("{FAE04EC0-301F-11D3-BF4B-00C04F79EFBC}") = "GymManager.UI", "GymManager.UI\GymManager.UI.csproj", "{755E64D1-7D47-43E1-90DE-23D960C97578}"
EndProject
Global
	GlobalSection(SolutionConfigurationPlatforms) = preSolution
		Debug|Any CPU = Debug|Any CPU
		Release|Any CPU = Release|Any CPU
	EndGlobalSection
	GlobalSection(ProjectConfigurationPlatforms) = postSolution
		{755E64D1-7D47-43E1-90DE-23D960C97578}.Debug|Any CPU.ActiveCfg = Debug|Any CPU
		{755E64D1-7D47-43E1-90DE-23D960C97578}.Debug|Any CPU.Build.0 = Debug|Any CPU
		{755E64D1-7D47-43E1-90DE-23D960C97578}.Release|Any CPU.ActiveCfg = Release|Any CPU
		{755E64D1-7D47-43E1-90DE-23D960C97578}.Release|Any CPU.Build.0 = Release|Any CPU
	EndGlobalSection
	GlobalSection(SolutionProperties) = preSolution
		HideSolutionNode = FALSE
	EndGlobalSection
	GlobalSection(ExtensibilityGlobals) = postSolution
		SolutionGuid = {1B0CAFC5-A413-47C3-8FBD-640A1A27A2ED}
	EndGlobalSection
EndGlobal
